
Microsoft Visual Studio Solution File, Format Version 12.00
# Visual Studio Version 17
VisualStudioVersion = 17.0.31903.59
MinimumVisualStudioVersion = 10.0.40219.1
Project("{2150E333-8FDC-42A3-9474-1A3956D46DE8}") = "src", "src", "{827E0CD3-B72D-47B6-A68D-7590B98EB39B}"
EndProject
Project("{FAE04EC0-301F-11D3-BF4B-00C04F79EFBC}") = "API", "src\API\API.csproj", "{9D0C2E10-5D73-4507-AE8A-595D27A27940}"
EndProject
Project("{FAE04EC0-301F-11D3-BF4B-00C04F79EFBC}") = "Application", "src\Application\Application.csproj", "{45B0C12C-1382-48C4-89BA-9DD5CE82A6B9}"
EndProject
Project("{FAE04EC0-301F-11D3-BF4B-00C04F79EFBC}") = "Domain", "src\Domain\Domain.csproj", "{F6CBBED6-49C9-42A8-BA3D-DEE16D3D2102}"
EndProject
Project("{FAE04EC0-301F-11D3-BF4B-00C04F79EFBC}") = "Infrastructure", "src\Infrastructure\Infrastructure.csproj", "{D5A8D33C-52E1-439B-BADE-3E8D9B8E107D}"
EndProject
Project("{2150E333-8FDC-42A3-9474-1A3956D46DE8}") = "tests", "tests", "{0AB3BF05-4346-4AA6-1389-037BE0695223}"
EndProject
Project("{FAE04EC0-301F-11D3-BF4B-00C04F79EFBC}") = "API.Tests", "tests\API.Tests\API.Tests.csproj", "{55E3325E-8C9A-4DE5-98E5-1D3DD9ACEB8D}"
EndProject
Project("{FAE04EC0-301F-11D3-BF4B-00C04F79EFBC}") = "Application.Tests", "tests\Application.Tests\Application.Tests.csproj", "{B1F025DF-005C-45BA-B7C1-2F06422D027B}"
EndProject
Project("{FAE04EC0-301F-11D3-BF4B-00C04F79EFBC}") = "Infrastructure.Tests", "tests\Infrastructure.Tests\Infrastructure.Tests.csproj", "{5D858A6C-B04F-4C98-BE44-57B517BAB061}"
EndProject
Global
	GlobalSection(SolutionConfigurationPlatforms) = preSolution
		Debug|Any CPU = Debug|Any CPU
		Debug|x64 = Debug|x64
		Debug|x86 = Debug|x86
		Release|Any CPU = Release|Any CPU
		Release|x64 = Release|x64
		Release|x86 = Release|x86
	EndGlobalSection
	GlobalSection(ProjectConfigurationPlatforms) = postSolution
		{9D0C2E10-5D73-4507-AE8A-595D27A27940}.Debug|Any CPU.ActiveCfg = Debug|Any CPU
		{9D0C2E10-5D73-4507-AE8A-595D27A27940}.Debug|Any CPU.Build.0 = Debug|Any CPU
		{9D0C2E10-5D73-4507-AE8A-595D27A27940}.Debug|x64.ActiveCfg = Debug|Any CPU
		{9D0C2E10-5D73-4507-AE8A-595D27A27940}.Debug|x64.Build.0 = Debug|Any CPU
		{9D0C2E10-5D73-4507-AE8A-595D27A27940}.Debug|x86.ActiveCfg = Debug|Any CPU
		{9D0C2E10-5D73-4507-AE8A-595D27A27940}.Debug|x86.Build.0 = Debug|Any CPU
		{9D0C2E10-5D73-4507-AE8A-595D27A27940}.Release|Any CPU.ActiveCfg = Release|Any CPU
		{9D0C2E10-5D73-4507-AE8A-595D27A27940}.Release|Any CPU.Build.0 = Release|Any CPU
		{9D0C2E10-5D73-4507-AE8A-595D27A27940}.Release|x64.ActiveCfg = Release|Any CPU
		{9D0C2E10-5D73-4507-AE8A-595D27A27940}.Release|x64.Build.0 = Release|Any CPU
		{9D0C2E10-5D73-4507-AE8A-595D27A27940}.Release|x86.ActiveCfg = Release|Any CPU
		{9D0C2E10-5D73-4507-AE8A-595D27A27940}.Release|x86.Build.0 = Release|Any CPU
		{45B0C12C-1382-48C4-89BA-9DD5CE82A6B9}.Debug|Any CPU.ActiveCfg = Debug|Any CPU
		{45B0C12C-1382-48C4-89BA-9DD5CE82A6B9}.Debug|Any CPU.Build.0 = Debug|Any CPU
		{45B0C12C-1382-48C4-89BA-9DD5CE82A6B9}.Debug|x64.ActiveCfg = Debug|Any CPU
		{45B0C12C-1382-48C4-89BA-9DD5CE82A6B9}.Debug|x64.Build.0 = Debug|Any CPU
		{45B0C12C-1382-48C4-89BA-9DD5CE82A6B9}.Debug|x86.ActiveCfg = Debug|Any CPU
		{45B0C12C-1382-48C4-89BA-9DD5CE82A6B9}.Debug|x86.Build.0 = Debug|Any CPU
		{45B0C12C-1382-48C4-89BA-9DD5CE82A6B9}.Release|Any CPU.ActiveCfg = Release|Any CPU
		{45B0C12C-1382-48C4-89BA-9DD5CE82A6B9}.Release|Any CPU.Build.0 = Release|Any CPU
		{45B0C12C-1382-48C4-89BA-9DD5CE82A6B9}.Release|x64.ActiveCfg = Release|Any CPU
		{45B0C12C-1382-48C4-89BA-9DD5CE82A6B9}.Release|x64.Build.0 = Release|Any CPU
		{45B0C12C-1382-48C4-89BA-9DD5CE82A6B9}.Release|x86.ActiveCfg = Release|Any CPU
		{45B0C12C-1382-48C4-89BA-9DD5CE82A6B9}.Release|x86.Build.0 = Release|Any CPU
		{F6CBBED6-49C9-42A8-BA3D-DEE16D3D2102}.Debug|Any CPU.ActiveCfg = Debug|Any CPU
		{F6CBBED6-49C9-42A8-BA3D-DEE16D3D2102}.Debug|Any CPU.Build.0 = Debug|Any CPU
		{F6CBBED6-49C9-42A8-BA3D-DEE16D3D2102}.Debug|x64.ActiveCfg = Debug|Any CPU
		{F6CBBED6-49C9-42A8-BA3D-DEE16D3D2102}.Debug|x64.Build.0 = Debug|Any CPU
		{F6CBBED6-49C9-42A8-BA3D-DEE16D3D2102}.Debug|x86.ActiveCfg = Debug|Any CPU
		{F6CBBED6-49C9-42A8-BA3D-DEE16D3D2102}.Debug|x86.Build.0 = Debug|Any CPU
		{F6CBBED6-49C9-42A8-BA3D-DEE16D3D2102}.Release|Any CPU.ActiveCfg = Release|Any CPU
		{F6CBBED6-49C9-42A8-BA3D-DEE16D3D2102}.Release|Any CPU.Build.0 = Release|Any CPU
		{F6CBBED6-49C9-42A8-BA3D-DEE16D3D2102}.Release|x64.ActiveCfg = Release|Any CPU
		{F6CBBED6-49C9-42A8-BA3D-DEE16D3D2102}.Release|x64.Build.0 = Release|Any CPU
		{F6CBBED6-49C9-42A8-BA3D-DEE16D3D2102}.Release|x86.ActiveCfg = Release|Any CPU
		{F6CBBED6-49C9-42A8-BA3D-DEE16D3D2102}.Release|x86.Build.0 = Release|Any CPU
		{D5A8D33C-52E1-439B-BADE-3E8D9B8E107D}.Debug|Any CPU.ActiveCfg = Debug|Any CPU
		{D5A8D33C-52E1-439B-BADE-3E8D9B8E107D}.Debug|Any CPU.Build.0 = Debug|Any CPU
		{D5A8D33C-52E1-439B-BADE-3E8D9B8E107D}.Debug|x64.ActiveCfg = Debug|Any CPU
		{D5A8D33C-52E1-439B-BADE-3E8D9B8E107D}.Debug|x64.Build.0 = Debug|Any CPU
		{D5A8D33C-52E1-439B-BADE-3E8D9B8E107D}.Debug|x86.ActiveCfg = Debug|Any CPU
		{D5A8D33C-52E1-439B-BADE-3E8D9B8E107D}.Debug|x86.Build.0 = Debug|Any CPU
		{D5A8D33C-52E1-439B-BADE-3E8D9B8E107D}.Release|Any CPU.ActiveCfg = Release|Any CPU
		{D5A8D33C-52E1-439B-BADE-3E8D9B8E107D}.Release|Any CPU.Build.0 = Release|Any CPU
		{D5A8D33C-52E1-439B-BADE-3E8D9B8E107D}.Release|x64.ActiveCfg = Release|Any CPU
		{D5A8D33C-52E1-439B-BADE-3E8D9B8E107D}.Release|x64.Build.0 = Release|Any CPU
		{D5A8D33C-52E1-439B-BADE-3E8D9B8E107D}.Release|x86.ActiveCfg = Release|Any CPU
		{D5A8D33C-52E1-439B-BADE-3E8D9B8E107D}.Release|x86.Build.0 = Release|Any CPU
		{55E3325E-8C9A-4DE5-98E5-1D3DD9ACEB8D}.Debug|Any CPU.ActiveCfg = Debug|Any CPU
		{55E3325E-8C9A-4DE5-98E5-1D3DD9ACEB8D}.Debug|Any CPU.Build.0 = Debug|Any CPU
		{55E3325E-8C9A-4DE5-98E5-1D3DD9ACEB8D}.Debug|x64.ActiveCfg = Debug|Any CPU
		{55E3325E-8C9A-4DE5-98E5-1D3DD9ACEB8D}.Debug|x64.Build.0 = Debug|Any CPU
		{55E3325E-8C9A-4DE5-98E5-1D3DD9ACEB8D}.Debug|x86.ActiveCfg = Debug|Any CPU
		{55E3325E-8C9A-4DE5-98E5-1D3DD9ACEB8D}.Debug|x86.Build.0 = Debug|Any CPU
		{55E3325E-8C9A-4DE5-98E5-1D3DD9ACEB8D}.Release|Any CPU.ActiveCfg = Release|Any CPU
		{55E3325E-8C9A-4DE5-98E5-1D3DD9ACEB8D}.Release|Any CPU.Build.0 = Release|Any CPU
		{55E3325E-8C9A-4DE5-98E5-1D3DD9ACEB8D}.Release|x64.ActiveCfg = Release|Any CPU
		{55E3325E-8C9A-4DE5-98E5-1D3DD9ACEB8D}.Release|x64.Build.0 = Release|Any CPU
		{55E3325E-8C9A-4DE5-98E5-1D3DD9ACEB8D}.Release|x86.ActiveCfg = Release|Any CPU
		{55E3325E-8C9A-4DE5-98E5-1D3DD9ACEB8D}.Release|x86.Build.0 = Release|Any CPU
		{B1F025DF-005C-45BA-B7C1-2F06422D027B}.Debug|Any CPU.ActiveCfg = Debug|Any CPU
		{B1F025DF-005C-45BA-B7C1-2F06422D027B}.Debug|Any CPU.Build.0 = Debug|Any CPU
		{B1F025DF-005C-45BA-B7C1-2F06422D027B}.Debug|x64.ActiveCfg = Debug|Any CPU
		{B1F025DF-005C-45BA-B7C1-2F06422D027B}.Debug|x64.Build.0 = Debug|Any CPU
		{B1F025DF-005C-45BA-B7C1-2F06422D027B}.Debug|x86.ActiveCfg = Debug|Any CPU
		{B1F025DF-005C-45BA-B7C1-2F06422D027B}.Debug|x86.Build.0 = Debug|Any CPU
		{B1F025DF-005C-45BA-B7C1-2F06422D027B}.Release|Any CPU.ActiveCfg = Release|Any CPU
		{B1F025DF-005C-45BA-B7C1-2F06422D027B}.Release|Any CPU.Build.0 = Release|Any CPU
		{B1F025DF-005C-45BA-B7C1-2F06422D027B}.Release|x64.ActiveCfg = Release|Any CPU
		{B1F025DF-005C-45BA-B7C1-2F06422D027B}.Release|x64.Build.0 = Release|Any CPU
		{B1F025DF-005C-45BA-B7C1-2F06422D027B}.Release|x86.ActiveCfg = Release|Any CPU
		{B1F025DF-005C-45BA-B7C1-2F06422D027B}.Release|x86.Build.0 = Release|Any CPU
		{5D858A6C-B04F-4C98-BE44-57B517BAB061}.Debug|Any CPU.ActiveCfg = Debug|Any CPU
		{5D858A6C-B04F-4C98-BE44-57B517BAB061}.Debug|Any CPU.Build.0 = Debug|Any CPU
		{5D858A6C-B04F-4C98-BE44-57B517BAB061}.Debug|x64.ActiveCfg = Debug|Any CPU
		{5D858A6C-B04F-4C98-BE44-57B517BAB061}.Debug|x64.Build.0 = Debug|Any CPU
		{5D858A6C-B04F-4C98-BE44-57B517BAB061}.Debug|x86.ActiveCfg = Debug|Any CPU
		{5D858A6C-B04F-4C98-BE44-57B517BAB061}.Debug|x86.Build.0 = Debug|Any CPU
		{5D858A6C-B04F-4C98-BE44-57B517BAB061}.Release|Any CPU.ActiveCfg = Release|Any CPU
		{5D858A6C-B04F-4C98-BE44-57B517BAB061}.Release|Any CPU.Build.0 = Release|Any CPU
		{5D858A6C-B04F-4C98-BE44-57B517BAB061}.Release|x64.ActiveCfg = Release|Any CPU
		{5D858A6C-B04F-4C98-BE44-57B517BAB061}.Release|x64.Build.0 = Release|Any CPU
		{5D858A6C-B04F-4C98-BE44-57B517BAB061}.Release|x86.ActiveCfg = Release|Any CPU
		{5D858A6C-B04F-4C98-BE44-57B517BAB061}.Release|x86.Build.0 = Release|Any CPU
	EndGlobalSection
	GlobalSection(SolutionProperties) = preSolution
		HideSolutionNode = FALSE
	EndGlobalSection
	GlobalSection(NestedProjects) = preSolution
		{9D0C2E10-5D73-4507-AE8A-595D27A27940} = {827E0CD3-B72D-47B6-A68D-7590B98EB39B}
		{45B0C12C-1382-48C4-89BA-9DD5CE82A6B9} = {827E0CD3-B72D-47B6-A68D-7590B98EB39B}
		{F6CBBED6-49C9-42A8-BA3D-DEE16D3D2102} = {827E0CD3-B72D-47B6-A68D-7590B98EB39B}
		{D5A8D33C-52E1-439B-BADE-3E8D9B8E107D} = {827E0CD3-B72D-47B6-A68D-7590B98EB39B}
		{55E3325E-8C9A-4DE5-98E5-1D3DD9ACEB8D} = {0AB3BF05-4346-4AA6-1389-037BE0695223}
		{B1F025DF-005C-45BA-B7C1-2F06422D027B} = {0AB3BF05-4346-4AA6-1389-037BE0695223}
		{5D858A6C-B04F-4C98-BE44-57B517BAB061} = {0AB3BF05-4346-4AA6-1389-037BE0695223}
	EndGlobalSection
EndGlobal
